github.com/gobwas/httphead v0.1.0 h1:exrUm0f4YX0L7EBwZHuCF4GDp8aJfVeBrlLQrs6NqWU=
github.com/gobwas/httphead v0.1.0/go.mod h1:O/RXo79gxV8G+RqlR/otEwx4Q36zl9rqC5u12GKvMCM=
github.com/gobwas/pool v0.2.1 h1:xfeeEhW7pwmX8nuLVlqbzVc7udMDrwetjEv+TZIz1og=
github.com/gobwas/pool v0.2.1/go.mod h1:q8bcK0KcYlCgd9e7WYLm9LpyS+YeLd8JVDW6WezmKEw=
github.com/gobwas/ws v1.3.0 h1:sbeU3Y4Qzlb+MOzIe6mQGf7QR4Hkv6ZD0qhGkBFL2O0=
github.com/gobwas/ws v1.3.0/go.mod h1:hRKAFb8wOxFROYNsT1bqfWnhX+b5MFeJM9r2ZSwg/KY=
github.com/golang/protobuf v1.5.0/go.mod h1:FsONVRAS9T7sI+LIUmWTfcYkHO4aIWwzhcaSAoJOfIk=
github.com/google/go-cmp v0.5.5/go.mod h1:v8dTdLbMG2kIc/vJvl+f65V22dbkXbowE6jgT/gNBxE=
github.com/iris-contrib/go.uuid v2.0.0+incompatible h1:XZubAYg61/JwnJNbZilGjf3b3pB80+OQg2qf6c8BfWE=
github.com/iris-contrib/go.uuid v2.0.0+incompatible/go.mod h1:iz2lgM/1UnEf1kP0L/+fafWORmlnuysV2EMP8MW+qe0=
github.com/kataras/neffos v0.0.22 h1:3M4lHrUl//2OKmS9t9z3AKIZqwha6ABeA6WoF03HEv8=
github.com/kataras/neffos v0.0.22/go.mod h1:IIJZcUDvwBxJGlDj942dqQgyznVKYDti91f8Ez+RRxE=
github.com/lmittmann/tint v1.0.2 h1:9XZ+JvEzjvd3VNVugYqo3j+dl0NRju8k9FquAusJExM=
github.com/lmittmann/tint v1.0.2/go.mod h1:HIS3gSy7qNwGCj+5oRjAutErFBl4BzdQP6cJZ0NfMwE=
github.com/mattn/go-isatty v0.0.20 h1:xfD0iDuEKnDkl03q4limB+vH+GxLEtL/jb4xVJSWWEY=
github.com/mattn/go-isatty v0.0.20/go.mod h1:W+V8PltTTMOvKvAeJH7IuucS94S2C6jfK/D7dTCTo3Y=
github.com/moszorn/pb v0.0.0-20231124040147-c7aa3c1d3390 h1:nQLaIVIr9ZSh2s/rTZokdlsuwOTHym3FsejbiWC/PdI=
github.com/moszorn/pb v0.0.0-20231124040147-c7aa3c1d3390/go.mod h1:P0tumgGCxzHGlultc5Nijq4OOQeekNyfZP7yTeP5tcg=
github.com/moszorn/pb v0.0.0-20231201103343-80086462f22d h1:XPwfbM1vJfNNVbJ8n3bk08vH9c6rHbbJVQtPIREWC+Q=
github.com/moszorn/pb v0.0.0-20231201103343-80086462f22d/go.mod h1:P0tumgGCxzHGlultc5Nijq4OOQeekNyfZP7yTeP5tcg=
github.com/moszorn/pb v0.0.0-20231213041521-84b445ad16a7 h1:r9C4SvAKeZNNBINCQaHdphfeBI64ZNxmdA+Fgc4tAcU=
github.com/moszorn/pb v0.0.0-20231213041521-84b445ad16a7/go.mod h1:P0tumgGCxzHGlultc5Nijq4OOQeekNyfZP7yTeP5tcg=
github.com/moszorn/pb v0.0.0-20231213082013-c96c483318f1 h1:Q0a/rA+EaAkhMEwsFx1jo8PNKytD7t/Mv/yvu+lA3Ig=
github.com/moszorn/pb v0.0.0-20231213082013-c96c483318f1/go.mod h1:P0tumgGCxzHGlultc5Nijq4OOQeekNyfZP7yTeP5tcg=
github.com/moszorn/pb v0.0.0-20231214080832-1edff4208b00 h1:ao2ukbCnwy67Ocq4JVG/Ci4c9a2BXV8sIC6PlWwqo+s=
github.com/moszorn/pb v0.0.0-20231214080832-1edff4208b00/go.mod h1:P0tumgGCxzHGlultc5Nijq4OOQeekNyfZP7yTeP5tcg=
github.com/moszorn/pb v0.0.0-20231220094035-878b3b9fcddd h1:KeR5NW1Qe0ENW/6x/E7HjEdMrwy/U/3BXqnczFxii2o=
github.com/moszorn/pb v0.0.0-20231220094035-878b3b9fcddd/go.mod h1:P0tumgGCxzHGlultc5Nijq4OOQeekNyfZP7yTeP5tcg=
github.com/moszorn/pb v0.0.0-20231221012941-d8274564d455 h1:knOdDeL0W7t6pmxEToDex6s1d4t8FAMDfZr5SJNiORo=
github.com/moszorn/pb v0.0.0-20231221012941-d8274564d455/go.mod h1:P0tumgGCxzHGlultc5Nijq4OOQeekNyfZP7yTeP5tcg=
github.com/moszorn/pb v0.0.0-20231221013951-05e2b5c19549 h1:5L62ObphTuHObxOfzt1Jh7387p2HaLURKgsLXSHOFwY=
github.com/moszorn/pb v0.0.0-20231221013951-05e2b5c19549/go.mod h1:P0tumgGCxzHGlultc5Nijq4OOQeekNyfZP7yTeP5tcg=
github.com/moszorn/pb v0.0.0-20231221075503-e8d03d3b7d2a h1:XxfQxoSCWppgIThAYmMAVu3bMcBZdWmDjOEBkcMsAEY=
github.com/moszorn/pb v0.0.0-20231221075503-e8d03d3b7d2a/go.mod h1:P0tumgGCxzHGlultc5Nijq4OOQeekNyfZP7yTeP5tcg=
github.com/moszorn/pb v0.0.0-20231221134244-677913ce920e h1:yNz3039mJpzfizqnoyxxMqGHyKxlUoEm0XdItFRH1kI=
github.com/moszorn/pb v0.0.0-20231221134244-677913ce920e/go.mod h1:P0tumgGCxzHGlultc5Nijq4OOQeekNyfZP7yTeP5tcg=
github.com/moszorn/pb v0.0.0-20231222074809-c827b14bf44e h1:5GxxnkTT2BHu9SW4l06l+3Q70N+YzAoOBRB2rIu61Jo=
github.com/moszorn/pb v0.0.0-20231222074809-c827b14bf44e/go.mod h1:P0tumgGCxzHGlultc5Nijq4OOQeekNyfZP7yTeP5tcg=
github.com/moszorn/pb v0.0.0-20231222083158-722a426176f3 h1:k6NJAcfKrPBpSfizIrVNnvTic7rhae/uIkPyFFdnTvE=
github.com/moszorn/pb v0.0.0-20231222083158-722a426176f3/go.mod h1:P0tumgGCxzHGlultc5Nijq4OOQeekNyfZP7yTeP5tcg=
github.com/moszorn/pb v0.0.0-20231222090257-a79c452109ba h1:I9o6ya80x9EDcnZhiL13+8jt0ffvyx/nHVkKJAPp57w=
github.com/moszorn/pb v0.0.0-20231222090257-a79c452109ba/go.mod h1:P0tumgGCxzHGlultc5Nijq4OOQeekNyfZP7yTeP5tcg=
github.com/moszorn/pb v0.0.0-20231222134610-5a751c858c43 h1:KAcqcn+obSz0LIHBVg0Rya17RY1FS+iinJcOM2F+ZF8=
github.com/moszorn/pb v0.0.0-20231222134610-5a751c858c43/go.mod h1:P0tumgGCxzHGlultc5Nijq4OOQeekNyfZP7yTeP5tcg=
github.com/moszorn/pb v0.0.0-20231223052625-41b5e11f1461 h1:iUmWOkIgIR8+z3inPBZCfnRAznIDgXrNi6AIH3owKu8=
github.com/moszorn/pb v0.0.0-20231223052625-41b5e11f1461/go.mod h1:P0tumgGCxzHGlultc5Nijq4OOQeekNyfZP7yTeP5tcg=
github.com/moszorn/pb v0.0.0-20231224154922-6980d1ad0323 h1:N9+3F949K404QyL5QCCgx+5Joy9Qb8dltsZmuF4afeU=
github.com/moszorn/pb v0.0.0-20231224154922-6980d1ad0323/go.mod h1:P0tumgGCxzHGlultc5Nijq4OOQeekNyfZP7yTeP5tcg=
github.com/moszorn/pb v0.0.0-20231224155950-fe180418eaf2 h1:ILbiHG8DeSjbop6xH1DSkPCP08qeyaBHoyXpZ706Y24=
github.com/moszorn/pb v0.0.0-20231224155950-fe180418eaf2/go.mod h1:P0tumgGCxzHGlultc5Nijq4OOQeekNyfZP7yTeP5tcg=
github.com/moszorn/pb v0.0.0-20231225030923-88383aad8732 h1:77xFinJgqqq+5DrVhd0J3JO8r6Oda4iUUfHuUZZrBGI=
github.com/moszorn/pb v0.0.0-20231225030923-88383aad8732/go.mod h1:P0tumgGCxzHGlultc5Nijq4OOQeekNyfZP7yTeP5tcg=
github.com/moszorn/pb v0.0.0-20231225081313-b5cfcc1321d1 h1:StQuuvsmIK4MYQdj+glKQJrNxNpKaep3xZ90rFPELdg=
github.com/moszorn/pb v0.0.0-20231225081313-b5cfcc1321d1/go.mod h1:P0tumgGCxzHGlultc5Nijq4OOQeekNyfZP7yTeP5tcg=
github.com/moszorn/pb v0.0.0-20231226025741-ea8f91a104f4 h1:93bdIPvEmK9fw1cr21yI0pLyfcJVWnOXxA67VTNAI4g=
github.com/moszorn/pb v0.0.0-20231226025741-ea8f91a104f4/go.mod h1:P0tumgGCxzHGlultc5Nijq4OOQeekNyfZP7yTeP5tcg=
github.com/moszorn/pb v0.0.0-20231227015129-c414c2af349c h1:XrjswnZL7yooj2Zl+nI4FSA43Ap11z9AK0H1WUxC9T8=
github.com/moszorn/pb v0.0.0-20231227015129-c414c2af349c/go.mod h1:P0tumgGCxzHGlultc5Nijq4OOQeekNyfZP7yTeP5tcg=
github.com/moszorn/pb v0.0.0-20231227052044-c94e44097dcc h1:4z3dosAooVo6keNQeZ3Khdsz4F+fRF1dJCk++WsYDPY=
github.com/moszorn/pb v0.0.0-20231227052044-c94e44097dcc/go.mod h1:P0tumgGCxzHGlultc5Nijq4OOQeekNyfZP7yTeP5tcg=
github.com/moszorn/utils v0.0.0-20231124040113-e3ee6027390f h1:oX9mmjlMlGV+ZRBMzq5+EGVzxu48zB3O5Tg/sVkuVi8=
github.com/moszorn/utils v0.0.0-20231124040113-e3ee6027390f/go.mod h1:2UUcEk1rjwMuyjxEOI6QnzuaHp+IYgAwbUWzBHsvHs4=
golang.org/x/sys v0.6.0 h1:MVltZSvRTcU2ljQOhs94SXPftV6DCNnZViHeQps87pQ=
golang.org/x/sys v0.6.0/go.mod h1:oPkhp1MJrh7nUepCBck5+mAzfO9JrbApNNgaTdGDITg=
golang.org/x/xerrors v0.0.0-20191204190536-9bdfabe68543/go.mod h1:I/5z698sn9Ka8TeJc9MKroUUfqBBauWjQqLJ2OPfmY0=
google.golang.org/protobuf v1.26.0-rc.1/go.mod h1:jlhhOSvTdKEhbULTjvd4ARK9grFBp09yW+WbY/TyQbw=
google.golang.org/protobuf v1.31.0 h1:g0LDEJHgrBl9N9r17Ru3sqWhkIx2NB67okBHPwC7hs8=
google.golang.org/protobuf v1.31.0/go.mod h1:HV8QOd/L58Z+nl8r43ehVNZIU/HEI6OcFqwMG9pJV4I=
google.golang.org/protobuf v1.32.0 h1:pPC6BG5ex8PDFnkbrGU3EixyhKcQ2aDuBS36lqK/C7I=
google.golang.org/protobuf v1.32.0/go.mod h1:c6P6GXX6sHbq/GpV6MGZEdwhWPcYBgnhAHhKbcUYpos=
